
Microsoft Visual Studio Solution File, Format Version 12.00
# Visual Studio 14
VisualStudioVersion = 14.0.24720.0
MinimumVisualStudioVersion = 10.0.40219.1
Project("{FAE04EC0-301F-11D3-BF4B-00C04F79EFBC}") = "aspnet01 - HelloWeb", "aspnet01 - WebIntroduction\aspnet01 - HelloWeb.csproj", "{61B8CB08-09C9-47BF-AFF2-7D1F7F94F2C6}"
EndProject
Project("{FAE04EC0-301F-11D3-BF4B-00C04F79EFBC}") = "aspnet02 - HelloWebApi", "aspnet02 - HelloWebApi\aspnet02 - HelloWebApi.csproj", "{5C291937-A287-4C9B-B520-4D6DDE253173}"
EndProject
Project("{FAE04EC0-301F-11D3-BF4B-00C04F79EFBC}") = "aspnet03 - SimpleProductsApi", "aspnet03 - SimpleProductsApi\aspnet03 - SimpleProductsApi.csproj", "{35E7F16C-399A-4DE9-BC51-BDA50B35AFBC}"
EndProject
Global
	GlobalSection(SolutionConfigurationPlatforms) = preSolution
		Debug|Any CPU = Debug|Any CPU
		Release|Any CPU = Release|Any CPU
	EndGlobalSection
	GlobalSection(ProjectConfigurationPlatforms) = postSolution
		{61B8CB08-09C9-47BF-AFF2-7D1F7F94F2C6}.Debug|Any CPU.ActiveCfg = Debug|Any CPU
		{61B8CB08-09C9-47BF-AFF2-7D1F7F94F2C6}.Debug|Any CPU.Build.0 = Debug|Any CPU
		{61B8CB08-09C9-47BF-AFF2-7D1F7F94F2C6}.Release|Any CPU.ActiveCfg = Release|Any CPU
		{61B8CB08-09C9-47BF-AFF2-7D1F7F94F2C6}.Release|Any CPU.Build.0 = Release|Any CPU
		{5C291937-A287-4C9B-B520-4D6DDE253173}.Debug|Any CPU.ActiveCfg = Debug|Any CPU
		{5C291937-A287-4C9B-B520-4D6DDE253173}.Debug|Any CPU.Build.0 = Debug|Any CPU
		{5C291937-A287-4C9B-B520-4D6DDE253173}.Release|Any CPU.ActiveCfg = Release|Any CPU
		{5C291937-A287-4C9B-B520-4D6DDE253173}.Release|Any CPU.Build.0 = Release|Any CPU
		{35E7F16C-399A-4DE9-BC51-BDA50B35AFBC}.Debug|Any CPU.ActiveCfg = Debug|Any CPU
		{35E7F16C-399A-4DE9-BC51-BDA50B35AFBC}.Debug|Any CPU.Build.0 = Debug|Any CPU
		{35E7F16C-399A-4DE9-BC51-BDA50B35AFBC}.Release|Any CPU.ActiveCfg = Release|Any CPU
		{35E7F16C-399A-4DE9-BC51-BDA50B35AFBC}.Release|Any CPU.Build.0 = Release|Any CPU
	EndGlobalSection
	GlobalSection(SolutionProperties) = preSolution
		HideSolutionNode = FALSE
	EndGlobalSection
EndGlobal
